{
    "_readme": [
        "This file locks the dependencies of your project to a known state",
        "Read more about it at https://getcomposer.org/doc/01-basic-usage.md#composer-lock-the-lock-file",
        "This file is @generated automatically"
    ],
    "content-hash": "c069d3d540ada3a2637137b39c7ad2d5",
    "packages": [
        {
            "name": "hmaus/drafter-php",
            "version": "v4.0.1",
            "source": {
                "type": "git",
                "url": "https://github.com/hendrikmaus/drafter-php.git",
                "reference": "eac26a08de69a935c754f2224402315a3860ef3e"
            },
            "dist": {
                "type": "zip",
                "url": "https://api.github.com/repos/hendrikmaus/drafter-php/zipball/eac26a08de69a935c754f2224402315a3860ef3e",
                "reference": "eac26a08de69a935c754f2224402315a3860ef3e",
                "shasum": ""
            },
            "require": {
                "php": ">=5.6",
                "symfony/process": "^2.7|^3.1.4"
            },
            "require-dev": {
                "codeclimate/php-test-reporter": "^0.3",
                "codegyre/robo": "^0.7.2",
                "hmaus/drafter-installer": "^1.0",
                "phpunit/phpunit": "^5.0"
            },
            "type": "library",
            "extra": {
                "drafter-installer-tag": "v3.1.1"
            },
            "autoload": {
                "psr-4": {
                    "Hmaus\\DrafterPhp\\": "src"
                }
            },
            "notification-url": "https://packagist.org/downloads/",
            "license": [
                "MIT"
            ],
            "authors": [
                {
                    "name": "Hendrik Maus",
                    "email": "aidentailor@gmail.com"
                }
            ],
            "description": "PHP wrapper around drafter binary",
            "time": "2016-09-20T15:13:40+00:00"
        },
        {
            "name": "hmaus/reynaldo",
            "version": "v0.1.2",
            "source": {
                "type": "git",
                "url": "https://github.com/hendrikmaus/reynaldo.git",
                "reference": "aeb2ce8486ac1d0c2b274a9ccdb9b271b46b2ad3"
            },
            "dist": {
                "type": "zip",
                "url": "https://api.github.com/repos/hendrikmaus/reynaldo/zipball/aeb2ce8486ac1d0c2b274a9ccdb9b271b46b2ad3",
                "reference": "aeb2ce8486ac1d0c2b274a9ccdb9b271b46b2ad3",
                "shasum": ""
            },
            "require-dev": {
                "codeclimate/php-test-reporter": "^0.3.2",
                "phpunit/phpunit": "^5.0",
                "symfony/var-dumper": "^3.1"
            },
            "type": "library",
            "autoload": {
                "psr-4": {
                    "Hmaus\\Reynaldo\\": "src"
                }
            },
            "notification-url": "https://packagist.org/downloads/",
            "license": [
                "MIT"
            ],
            "authors": [
                {
                    "name": "Hendrik Maus",
                    "email": "aidentailor@gmail.com"
                }
            ],
            "description": "Parse API Blueprint refract into a iterable PHP data structure for easier access",
            "time": "2016-09-03T22:51:09+00:00"
        },
        {
            "name": "justinrainbow/json-schema",
            "version": "5.2.0",
            "source": {
                "type": "git",
                "url": "https://github.com/justinrainbow/json-schema.git",
                "reference": "e3c9bccdc38bbd09bcac0131c00f3be58368b416"
            },
            "dist": {
                "type": "zip",
                "url": "https://api.github.com/repos/justinrainbow/json-schema/zipball/e3c9bccdc38bbd09bcac0131c00f3be58368b416",
                "reference": "e3c9bccdc38bbd09bcac0131c00f3be58368b416",
                "shasum": ""
            },
            "require": {
                "php": ">=5.3.3"
            },
            "require-dev": {
                "friendsofphp/php-cs-fixer": "^2.1",
                "json-schema/json-schema-test-suite": "1.2.0",
                "phpdocumentor/phpdocumentor": "~2",
                "phpunit/phpunit": "^4.8.22"
            },
            "bin": [
                "bin/validate-json"
            ],
            "type": "library",
            "extra": {
                "branch-alias": {
                    "dev-master": "5.0.x-dev"
                }
            },
            "autoload": {
                "psr-4": {
                    "JsonSchema\\": "src/JsonSchema/"
                }
            },
            "notification-url": "https://packagist.org/downloads/",
            "license": [
                "MIT"
            ],
            "authors": [
                {
                    "name": "Bruno Prieto Reis",
                    "email": "bruno.p.reis@gmail.com"
                },
                {
                    "name": "Justin Rainbow",
                    "email": "justin.rainbow@gmail.com"
                },
                {
                    "name": "Igor Wiedler",
                    "email": "igor@wiedler.ch"
                },
                {
                    "name": "Robert Schönthal",
                    "email": "seroscho@googlemail.com"
                }
            ],
            "description": "A library to validate a json schema.",
            "homepage": "https://github.com/justinrainbow/json-schema",
            "keywords": [
                "json",
                "schema"
            ],
            "time": "2017-03-22T22:43:35+00:00"
        },
        {
            "name": "nette/utils",
            "version": "v2.4.4",
            "source": {
                "type": "git",
                "url": "https://github.com/nette/utils.git",
                "reference": "714afb64d0da07d0da7178cbf5680008e4b0180b"
            },
            "dist": {
                "type": "zip",
                "url": "https://api.github.com/repos/nette/utils/zipball/714afb64d0da07d0da7178cbf5680008e4b0180b",
                "reference": "714afb64d0da07d0da7178cbf5680008e4b0180b",
                "shasum": ""
            },
            "require": {
                "php": ">=5.6.0"
            },
            "conflict": {
                "nette/nette": "<2.2"
            },
            "require-dev": {
                "nette/tester": "~2.0",
                "tracy/tracy": "^2.3"
            },
            "suggest": {
                "ext-gd": "to use Image",
                "ext-iconv": "to use Strings::webalize() and toAscii()",
                "ext-intl": "for script transliteration in Strings::webalize() and toAscii()",
                "ext-json": "to use Nette\\Utils\\Json",
                "ext-mbstring": "to use Strings::lower() etc...",
                "ext-xml": "to use Strings::length() etc. when mbstring is not available"
            },
            "type": "library",
            "extra": {
                "branch-alias": {
                    "dev-master": "2.4-dev"
                }
            },
            "autoload": {
                "classmap": [
                    "src/"
                ]
            },
            "notification-url": "https://packagist.org/downloads/",
            "license": [
                "BSD-3-Clause",
                "GPL-2.0",
                "GPL-3.0"
            ],
            "authors": [
                {
                    "name": "David Grudl",
                    "homepage": "https://davidgrudl.com"
                },
                {
                    "name": "Nette Community",
                    "homepage": "https://nette.org/contributors"
                }
            ],
            "description": "Nette Utility Classes",
            "homepage": "https://nette.org",
            "time": "2017-01-16T12:30:14+00:00"
        },
        {
            "name": "symfony/process",
            "version": "v3.2.6",
            "source": {
                "type": "git",
                "url": "https://github.com/symfony/process.git",
                "reference": "68bfa8c83f24c0ac04ea7193bcdcda4519f41892"
            },
            "dist": {
                "type": "zip",
                "url": "https://api.github.com/repos/symfony/process/zipball/68bfa8c83f24c0ac04ea7193bcdcda4519f41892",
                "reference": "68bfa8c83f24c0ac04ea7193bcdcda4519f41892",
                "shasum": ""
            },
            "require": {
                "php": ">=5.5.9"
            },
            "type": "library",
            "extra": {
                "branch-alias": {
                    "dev-master": "3.2-dev"
                }
            },
            "autoload": {
                "psr-4": {
                    "Symfony\\Component\\Process\\": ""
                },
                "exclude-from-classmap": [
                    "/Tests/"
                ]
            },
            "notification-url": "https://packagist.org/downloads/",
            "license": [
                "MIT"
            ],
            "authors": [
                {
                    "name": "Fabien Potencier",
                    "email": "fabien@symfony.com"
                },
                {
                    "name": "Symfony Community",
                    "homepage": "https://symfony.com/contributors"
                }
            ],
            "description": "Symfony Process Component",
            "homepage": "https://symfony.com",
            "time": "2017-03-04T12:23:14+00:00"
        }
    ],
    "packages-dev": [
        {
            "name": "nette/tester",
            "version": "v1.7.1",
            "source": {
                "type": "git",
                "url": "https://github.com/nette/tester.git",
                "reference": "d97534578e8cf66eabe081e7d5eaa4dd527ab0c8"
            },
            "dist": {
                "type": "zip",
                "url": "https://api.github.com/repos/nette/tester/zipball/d97534578e8cf66eabe081e7d5eaa4dd527ab0c8",
                "reference": "d97534578e8cf66eabe081e7d5eaa4dd527ab0c8",
                "shasum": ""
            },
            "require": {
                "php": ">=5.3.0"
            },
            "bin": [
                "src/tester"
            ],
            "type": "library",
            "extra": {
                "branch-alias": {
                    "dev-master": "1.7-dev"
                }
            },
            "autoload": {
                "classmap": [
                    "src/"
                ]
            },
            "notification-url": "https://packagist.org/downloads/",
            "license": [
                "BSD-3-Clause",
                "GPL-2.0",
                "GPL-3.0"
            ],
            "authors": [
                {
                    "name": "David Grudl",
                    "homepage": "https://davidgrudl.com"
                },
                {
                    "name": "Nette Community",
                    "homepage": "https://nette.org/contributors"
                }
            ],
            "description": "An easy-to-use PHP unit testing framework.",
            "homepage": "https://tester.nette.org",
            "keywords": [
                "nette",
                "testing",
                "unit"
            ],
            "time": "2016-03-19T14:34:02+00:00"
        }
    ],
    "aliases": [],
    "minimum-stability": "dev",
    "stability-flags": [],
    "prefer-stable": true,
    "prefer-lowest": false,
    "platform": [],
    "platform-dev": []
}
